
Microsoft Visual Studio Solution File, Format Version 12.00
# Visual Studio 2013
VisualStudioVersion = 12.0.40629.0
MinimumVisualStudioVersion = 10.0.40219.1
Project("{8BC9CEB8-8B4A-11D0-8D11-00A0C91BC942}") = "BasicUsageEnvironment", "BasicUsageEnvironment\BasicUsageEnvironment.vcxproj", "{82B2817A-E37E-4F58-AD60-570F476CC4CA}"
EndProject
Project("{8BC9CEB8-8B4A-11D0-8D11-00A0C91BC942}") = "GroupSock", "GroupSock\GroupSock.vcxproj", "{C863E725-DC5F-40EA-B2DA-7A9A6C85DC44}"
EndProject
Project("{8BC9CEB8-8B4A-11D0-8D11-00A0C91BC942}") = "LiveMedia", "LiveMedia\LiveMedia.vcxproj", "{5FA3CCCE-35F0-4253-9D8D-70A6A4837F13}"
EndProject
Project("{8BC9CEB8-8B4A-11D0-8D11-00A0C91BC942}") = "UsageEnvironment", "UsageEnvironment\UsageEnvironment.vcxproj", "{BECE9A85-68D5-4E1D-8FA8-AD531D230A15}"
EndProject
Project("{8BC9CEB8-8B4A-11D0-8D11-00A0C91BC942}") = "WindowsAudioInputDevice", "WindowsAudioInputDevice\WindowsAudioInputDevice.vcxproj", "{75D8C609-6586-4E89-9997-1C2B246C3BF0}"
EndProject
Project("{8BC9CEB8-8B4A-11D0-8D11-00A0C91BC942}") = "mediaServer", "mediaServer\mediaServer.vcxproj", "{DCDC0202-C515-4381-BC7D-65D534439FB1}"
EndProject
Project("{8BC9CEB8-8B4A-11D0-8D11-00A0C91BC942}") = "testProgs", "testProgs\testProgs.vcxproj", "{A14A95C5-8053-47D9-92D4-1C0ADA174759}"
EndProject
Global
	GlobalSection(SolutionConfigurationPlatforms) = preSolution
		Debug|Win32 = Debug|Win32
		Release|Win32 = Release|Win32
	EndGlobalSection
	GlobalSection(ProjectConfigurationPlatforms) = postSolution
		{82B2817A-E37E-4F58-AD60-570F476CC4CA}.Debug|Win32.ActiveCfg = Debug|Win32
		{82B2817A-E37E-4F58-AD60-570F476CC4CA}.Debug|Win32.Build.0 = Debug|Win32
		{82B2817A-E37E-4F58-AD60-570F476CC4CA}.Release|Win32.ActiveCfg = Release|Win32
		{82B2817A-E37E-4F58-AD60-570F476CC4CA}.Release|Win32.Build.0 = Release|Win32
		{C863E725-DC5F-40EA-B2DA-7A9A6C85DC44}.Debug|Win32.ActiveCfg = Debug|Win32
		{C863E725-DC5F-40EA-B2DA-7A9A6C85DC44}.Debug|Win32.Build.0 = Debug|Win32
		{C863E725-DC5F-40EA-B2DA-7A9A6C85DC44}.Release|Win32.ActiveCfg = Release|Win32
		{C863E725-DC5F-40EA-B2DA-7A9A6C85DC44}.Release|Win32.Build.0 = Release|Win32
		{5FA3CCCE-35F0-4253-9D8D-70A6A4837F13}.Debug|Win32.ActiveCfg = Debug|Win32
		{5FA3CCCE-35F0-4253-9D8D-70A6A4837F13}.Debug|Win32.Build.0 = Debug|Win32
		{5FA3CCCE-35F0-4253-9D8D-70A6A4837F13}.Release|Win32.ActiveCfg = Release|Win32
		{5FA3CCCE-35F0-4253-9D8D-70A6A4837F13}.Release|Win32.Build.0 = Release|Win32
		{BECE9A85-68D5-4E1D-8FA8-AD531D230A15}.Debug|Win32.ActiveCfg = Debug|Win32
		{BECE9A85-68D5-4E1D-8FA8-AD531D230A15}.Debug|Win32.Build.0 = Debug|Win32
		{BECE9A85-68D5-4E1D-8FA8-AD531D230A15}.Release|Win32.ActiveCfg = Release|Win32
		{BECE9A85-68D5-4E1D-8FA8-AD531D230A15}.Release|Win32.Build.0 = Release|Win32
		{75D8C609-6586-4E89-9997-1C2B246C3BF0}.Debug|Win32.ActiveCfg = Debug|Win32
		{75D8C609-6586-4E89-9997-1C2B246C3BF0}.Debug|Win32.Build.0 = Debug|Win32
		{75D8C609-6586-4E89-9997-1C2B246C3BF0}.Release|Win32.ActiveCfg = Release|Win32
		{75D8C609-6586-4E89-9997-1C2B246C3BF0}.Release|Win32.Build.0 = Release|Win32
		{DCDC0202-C515-4381-BC7D-65D534439FB1}.Debug|Win32.ActiveCfg = Debug|Win32
		{DCDC0202-C515-4381-BC7D-65D534439FB1}.Debug|Win32.Build.0 = Debug|Win32
		{DCDC0202-C515-4381-BC7D-65D534439FB1}.Release|Win32.ActiveCfg = Release|Win32
		{DCDC0202-C515-4381-BC7D-65D534439FB1}.Release|Win32.Build.0 = Release|Win32
		{A14A95C5-8053-47D9-92D4-1C0ADA174759}.Debug|Win32.ActiveCfg = Debug|Win32
		{A14A95C5-8053-47D9-92D4-1C0ADA174759}.Debug|Win32.Build.0 = Debug|Win32
		{A14A95C5-8053-47D9-92D4-1C0ADA174759}.Release|Win32.ActiveCfg = Release|Win32
		{A14A95C5-8053-47D9-92D4-1C0ADA174759}.Release|Win32.Build.0 = Release|Win32
	EndGlobalSection
	GlobalSection(SolutionProperties) = preSolution
		HideSolutionNode = FALSE
	EndGlobalSection
EndGlobal
