<?xml version="1.0" encoding="utf-8"?>
<Project ToolsVersion="4.0" xmlns="http://schemas.microsoft.com/developer/msbuild/2003">
  <ItemGroup>
    <Filter Include="Source Files">
      <UniqueIdentifier>{4FC737F1-C7A5-4376-A066-2A32D752A2FF}</UniqueIdentifier>
      <Extensions>cpp;c;cc;cxx;def;odl;idl;hpj;bat;asm;asmx</Extensions>
    </Filter>
    <Filter Include="Header Files">
      <UniqueIdentifier>{93995380-89BD-4b04-88EB-625FBE52EBFB}</UniqueIdentifier>
      <Extensions>h;hh;hpp;hxx;hm;inl;inc;xsd</Extensions>
    </Filter>
    <Filter Include="Resource Files">
      <UniqueIdentifier>{67DA6AB6-F800-4c08-8B7A-83BB121AAD01}</UniqueIdentifier>
      <Extensions>rc;ico;cur;bmp;dlg;rc2;rct;bin;rgs;gif;jpg;jpeg;jpe;resx;tiff;tif;png;wav;mfcribbon-ms</Extensions>
    </Filter>
  </ItemGroup>
  <ItemGroup>
    <Text Include="ReadMe.txt" />
  </ItemGroup>
  <ItemGroup>
    <ClCompile Include="source\AC3AudioFileServerMediaSubsession.cpp">
      <Filter>Source Files</Filter>
    </ClCompile>
    <ClCompile Include="source\AC3AudioRTPSink.cpp">
      <Filter>Source Files</Filter>
    </ClCompile>
    <ClCompile Include="source\AC3AudioRTPSource.cpp">
      <Filter>Source Files</Filter>
    </ClCompile>
    <ClCompile Include="source\AC3AudioStreamFramer.cpp">
      <Filter>Source Files</Filter>
    </ClCompile>
    <ClCompile Include="source\ADTSAudioFileServerMediaSubsession.cpp">
      <Filter>Source Files</Filter>
    </ClCompile>
    <ClCompile Include="source\ADTSAudioFileSource.cpp">
      <Filter>Source Files</Filter>
    </ClCompile>
    <ClCompile Include="source\AMRAudioFileServerMediaSubsession.cpp">
      <Filter>Source Files</Filter>
    </ClCompile>
    <ClCompile Include="source\AMRAudioFileSink.cpp">
      <Filter>Source Files</Filter>
    </ClCompile>
    <ClCompile Include="source\AMRAudioFileSource.cpp">
      <Filter>Source Files</Filter>
    </ClCompile>
    <ClCompile Include="source\AMRAudioRTPSink.cpp">
      <Filter>Source Files</Filter>
    </ClCompile>
    <ClCompile Include="source\AMRAudioRTPSource.cpp">
      <Filter>Source Files</Filter>
    </ClCompile>
    <ClCompile Include="source\AMRAudioSource.cpp">
      <Filter>Source Files</Filter>
    </ClCompile>
    <ClCompile Include="source\AudioInputDevice.cpp">
      <Filter>Source Files</Filter>
    </ClCompile>
    <ClCompile Include="source\AudioRTPSink.cpp">
      <Filter>Source Files</Filter>
    </ClCompile>
    <ClCompile Include="source\AVIFileSink.cpp">
      <Filter>Source Files</Filter>
    </ClCompile>
    <ClCompile Include="source\Base64.cpp">
      <Filter>Source Files</Filter>
    </ClCompile>
    <ClCompile Include="source\BasicUDPSink.cpp">
      <Filter>Source Files</Filter>
    </ClCompile>
    <ClCompile Include="source\BasicUDPSource.cpp">
      <Filter>Source Files</Filter>
    </ClCompile>
    <ClCompile Include="source\BitVector.cpp">
      <Filter>Source Files</Filter>
    </ClCompile>
    <ClCompile Include="source\ByteStreamFileSource.cpp">
      <Filter>Source Files</Filter>
    </ClCompile>
    <ClCompile Include="source\ByteStreamMemoryBufferSource.cpp">
      <Filter>Source Files</Filter>
    </ClCompile>
    <ClCompile Include="source\ByteStreamMultiFileSource.cpp">
      <Filter>Source Files</Filter>
    </ClCompile>
    <ClCompile Include="source\DeviceSource.cpp">
      <Filter>Source Files</Filter>
    </ClCompile>
    <ClCompile Include="source\DigestAuthentication.cpp">
      <Filter>Source Files</Filter>
    </ClCompile>
    <ClCompile Include="source\DVVideoFileServerMediaSubsession.cpp">
      <Filter>Source Files</Filter>
    </ClCompile>
    <ClCompile Include="source\DVVideoRTPSink.cpp">
      <Filter>Source Files</Filter>
    </ClCompile>
    <ClCompile Include="source\DVVideoRTPSource.cpp">
      <Filter>Source Files</Filter>
    </ClCompile>
    <ClCompile Include="source\DVVideoStreamFramer.cpp">
      <Filter>Source Files</Filter>
    </ClCompile>
    <ClCompile Include="source\EBMLNumber.cpp">
      <Filter>Source Files</Filter>
    </ClCompile>
    <ClCompile Include="source\FileServerMediaSubsession.cpp">
      <Filter>Source Files</Filter>
    </ClCompile>
    <ClCompile Include="source\FileSink.cpp">
      <Filter>Source Files</Filter>
    </ClCompile>
    <ClCompile Include="source\FramedFileSource.cpp">
      <Filter>Source Files</Filter>
    </ClCompile>
    <ClCompile Include="source\FramedFilter.cpp">
      <Filter>Source Files</Filter>
    </ClCompile>
    <ClCompile Include="source\FramedSource.cpp">
      <Filter>Source Files</Filter>
    </ClCompile>
    <ClCompile Include="source\GenericMediaServer.cpp">
      <Filter>Source Files</Filter>
    </ClCompile>
    <ClCompile Include="source\GSMAudioRTPSink.cpp">
      <Filter>Source Files</Filter>
    </ClCompile>
    <ClCompile Include="source\H261VideoRTPSource.cpp">
      <Filter>Source Files</Filter>
    </ClCompile>
    <ClCompile Include="source\H263plusVideoFileServerMediaSubsession.cpp">
      <Filter>Source Files</Filter>
    </ClCompile>
    <ClCompile Include="source\H263plusVideoRTPSink.cpp">
      <Filter>Source Files</Filter>
    </ClCompile>
    <ClCompile Include="source\H263plusVideoRTPSource.cpp">
      <Filter>Source Files</Filter>
    </ClCompile>
    <ClCompile Include="source\H263plusVideoStreamFramer.cpp">
      <Filter>Source Files</Filter>
    </ClCompile>
    <ClCompile Include="source\H263plusVideoStreamParser.cpp">
      <Filter>Source Files</Filter>
    </ClCompile>
    <ClCompile Include="source\H264or5VideoFileSink.cpp">
      <Filter>Source Files</Filter>
    </ClCompile>
    <ClCompile Include="source\H264or5VideoRTPSink.cpp">
      <Filter>Source Files</Filter>
    </ClCompile>
    <ClCompile Include="source\H264or5VideoStreamDiscreteFramer.cpp">
      <Filter>Source Files</Filter>
    </ClCompile>
    <ClCompile Include="source\H264or5VideoStreamFramer.cpp">
      <Filter>Source Files</Filter>
    </ClCompile>
    <ClCompile Include="source\H264VideoFileServerMediaSubsession.cpp">
      <Filter>Source Files</Filter>
    </ClCompile>
    <ClCompile Include="source\H264VideoFileSink.cpp">
      <Filter>Source Files</Filter>
    </ClCompile>
    <ClCompile Include="source\H264VideoRTPSink.cpp">
      <Filter>Source Files</Filter>
    </ClCompile>
    <ClCompile Include="source\H264VideoRTPSource.cpp">
      <Filter>Source Files</Filter>
    </ClCompile>
    <ClCompile Include="source\H264VideoStreamDiscreteFramer.cpp">
      <Filter>Source Files</Filter>
    </ClCompile>
    <ClCompile Include="source\H264VideoStreamFramer.cpp">
      <Filter>Source Files</Filter>
    </ClCompile>
    <ClCompile Include="source\H265VideoFileServerMediaSubsession.cpp">
      <Filter>Source Files</Filter>
    </ClCompile>
    <ClCompile Include="source\H265VideoFileSink.cpp">
      <Filter>Source Files</Filter>
    </ClCompile>
    <ClCompile Include="source\H265VideoRTPSink.cpp">
      <Filter>Source Files</Filter>
    </ClCompile>
    <ClCompile Include="source\H265VideoRTPSource.cpp">
      <Filter>Source Files</Filter>
    </ClCompile>
    <ClCompile Include="source\H265VideoStreamDiscreteFramer.cpp">
      <Filter>Source Files</Filter>
    </ClCompile>
    <ClCompile Include="source\H265VideoStreamFramer.cpp">
      <Filter>Source Files</Filter>
    </ClCompile>
    <ClCompile Include="source\InputFile.cpp">
      <Filter>Source Files</Filter>
    </ClCompile>
    <ClCompile Include="source\JPEGVideoRTPSink.cpp">
      <Filter>Source Files</Filter>
    </ClCompile>
    <ClCompile Include="source\JPEGVideoRTPSource.cpp">
      <Filter>Source Files</Filter>
    </ClCompile>
    <ClCompile Include="source\JPEGVideoSource.cpp">
      <Filter>Source Files</Filter>
    </ClCompile>
    <ClCompile Include="source\Locale.cpp">
      <Filter>Source Files</Filter>
    </ClCompile>
    <ClCompile Include="source\MatroskaDemuxedTrack.cpp">
      <Filter>Source Files</Filter>
    </ClCompile>
    <ClCompile Include="source\MatroskaFile.cpp">
      <Filter>Source Files</Filter>
    </ClCompile>
    <ClCompile Include="source\MatroskaFileParser.cpp">
      <Filter>Source Files</Filter>
    </ClCompile>
    <ClCompile Include="source\MatroskaFileServerDemux.cpp">
      <Filter>Source Files</Filter>
    </ClCompile>
    <ClCompile Include="source\MatroskaFileServerMediaSubsession.cpp">
      <Filter>Source Files</Filter>
    </ClCompile>
    <ClCompile Include="source\Media.cpp">
      <Filter>Source Files</Filter>
    </ClCompile>
    <ClCompile Include="source\MediaSession.cpp">
      <Filter>Source Files</Filter>
    </ClCompile>
    <ClCompile Include="source\MediaSink.cpp">
      <Filter>Source Files</Filter>
    </ClCompile>
    <ClCompile Include="source\MediaSource.cpp">
      <Filter>Source Files</Filter>
    </ClCompile>
    <ClCompile Include="source\MP3ADU.cpp">
      <Filter>Source Files</Filter>
    </ClCompile>
    <ClCompile Include="source\MP3ADUdescriptor.cpp">
      <Filter>Source Files</Filter>
    </ClCompile>
    <ClCompile Include="source\MP3ADUinterleaving.cpp">
      <Filter>Source Files</Filter>
    </ClCompile>
    <ClCompile Include="source\MP3ADURTPSink.cpp">
      <Filter>Source Files</Filter>
    </ClCompile>
    <ClCompile Include="source\MP3ADURTPSource.cpp">
      <Filter>Source Files</Filter>
    </ClCompile>
    <ClCompile Include="source\MP3ADUTranscoder.cpp">
      <Filter>Source Files</Filter>
    </ClCompile>
    <ClCompile Include="source\MP3AudioFileServerMediaSubsession.cpp">
      <Filter>Source Files</Filter>
    </ClCompile>
    <ClCompile Include="source\MP3AudioMatroskaFileServerMediaSubsession.cpp">
      <Filter>Source Files</Filter>
    </ClCompile>
    <ClCompile Include="source\MP3FileSource.cpp">
      <Filter>Source Files</Filter>
    </ClCompile>
    <ClCompile Include="source\MP3Internals.cpp">
      <Filter>Source Files</Filter>
    </ClCompile>
    <ClCompile Include="source\MP3InternalsHuffman.cpp">
      <Filter>Source Files</Filter>
    </ClCompile>
    <ClCompile Include="source\MP3InternalsHuffmanTable.cpp">
      <Filter>Source Files</Filter>
    </ClCompile>
    <ClCompile Include="source\MP3StreamState.cpp">
      <Filter>Source Files</Filter>
    </ClCompile>
    <ClCompile Include="source\MP3Transcoder.cpp">
      <Filter>Source Files</Filter>
    </ClCompile>
    <ClCompile Include="source\MPEG1or2AudioRTPSink.cpp">
      <Filter>Source Files</Filter>
    </ClCompile>
    <ClCompile Include="source\MPEG1or2AudioRTPSource.cpp">
      <Filter>Source Files</Filter>
    </ClCompile>
    <ClCompile Include="source\MPEG1or2AudioStreamFramer.cpp">
      <Filter>Source Files</Filter>
    </ClCompile>
    <ClCompile Include="source\MPEG1or2Demux.cpp">
      <Filter>Source Files</Filter>
    </ClCompile>
    <ClCompile Include="source\MPEG1or2DemuxedElementaryStream.cpp">
      <Filter>Source Files</Filter>
    </ClCompile>
    <ClCompile Include="source\MPEG1or2DemuxedServerMediaSubsession.cpp">
      <Filter>Source Files</Filter>
    </ClCompile>
    <ClCompile Include="source\MPEG1or2FileServerDemux.cpp">
      <Filter>Source Files</Filter>
    </ClCompile>
    <ClCompile Include="source\MPEG1or2VideoFileServerMediaSubsession.cpp">
      <Filter>Source Files</Filter>
    </ClCompile>
    <ClCompile Include="source\MPEG1or2VideoRTPSink.cpp">
      <Filter>Source Files</Filter>
    </ClCompile>
    <ClCompile Include="source\MPEG1or2VideoRTPSource.cpp">
      <Filter>Source Files</Filter>
    </ClCompile>
    <ClCompile Include="source\MPEG1or2VideoStreamDiscreteFramer.cpp">
      <Filter>Source Files</Filter>
    </ClCompile>
    <ClCompile Include="source\MPEG1or2VideoStreamFramer.cpp">
      <Filter>Source Files</Filter>
    </ClCompile>
    <ClCompile Include="source\MPEG2IndexFromTransportStream.cpp">
      <Filter>Source Files</Filter>
    </ClCompile>
    <ClCompile Include="source\MPEG2TransportFileServerMediaSubsession.cpp">
      <Filter>Source Files</Filter>
    </ClCompile>
    <ClCompile Include="source\MPEG2TransportStreamAccumulator.cpp">
      <Filter>Source Files</Filter>
    </ClCompile>
    <ClCompile Include="source\MPEG2TransportStreamFramer.cpp">
      <Filter>Source Files</Filter>
    </ClCompile>
    <ClCompile Include="source\MPEG2TransportStreamFromESSource.cpp">
      <Filter>Source Files</Filter>
    </ClCompile>
    <ClCompile Include="source\MPEG2TransportStreamFromPESSource.cpp">
      <Filter>Source Files</Filter>
    </ClCompile>
    <ClCompile Include="source\MPEG2TransportStreamIndexFile.cpp">
      <Filter>Source Files</Filter>
    </ClCompile>
    <ClCompile Include="source\MPEG2TransportStreamMultiplexor.cpp">
      <Filter>Source Files</Filter>
    </ClCompile>
    <ClCompile Include="source\MPEG2TransportStreamTrickModeFilter.cpp">
      <Filter>Source Files</Filter>
    </ClCompile>
    <ClCompile Include="source\MPEG2TransportUDPServerMediaSubsession.cpp">
      <Filter>Source Files</Filter>
    </ClCompile>
    <ClCompile Include="source\MPEG4ESVideoRTPSink.cpp">
      <Filter>Source Files</Filter>
    </ClCompile>
    <ClCompile Include="source\MPEG4ESVideoRTPSource.cpp">
      <Filter>Source Files</Filter>
    </ClCompile>
    <ClCompile Include="source\MPEG4GenericRTPSink.cpp">
      <Filter>Source Files</Filter>
    </ClCompile>
    <ClCompile Include="source\MPEG4GenericRTPSource.cpp">
      <Filter>Source Files</Filter>
    </ClCompile>
    <ClCompile Include="source\MPEG4LATMAudioRTPSink.cpp">
      <Filter>Source Files</Filter>
    </ClCompile>
    <ClCompile Include="source\MPEG4LATMAudioRTPSource.cpp">
      <Filter>Source Files</Filter>
    </ClCompile>
    <ClCompile Include="source\MPEG4VideoFileServerMediaSubsession.cpp">
      <Filter>Source Files</Filter>
    </ClCompile>
    <ClCompile Include="source\MPEG4VideoStreamDiscreteFramer.cpp">
      <Filter>Source Files</Filter>
    </ClCompile>
    <ClCompile Include="source\MPEG4VideoStreamFramer.cpp">
      <Filter>Source Files</Filter>
    </ClCompile>
    <ClCompile Include="source\MPEGVideoStreamFramer.cpp">
      <Filter>Source Files</Filter>
    </ClCompile>
    <ClCompile Include="source\MPEGVideoStreamParser.cpp">
      <Filter>Source Files</Filter>
    </ClCompile>
    <ClCompile Include="source\MultiFramedRTPSink.cpp">
      <Filter>Source Files</Filter>
    </ClCompile>
    <ClCompile Include="source\MultiFramedRTPSource.cpp">
      <Filter>Source Files</Filter>
    </ClCompile>
    <ClCompile Include="source\OggDemuxedTrack.cpp">
      <Filter>Source Files</Filter>
    </ClCompile>
    <ClCompile Include="source\OggFile.cpp">
      <Filter>Source Files</Filter>
    </ClCompile>
    <ClCompile Include="source\OggFileParser.cpp">
      <Filter>Source Files</Filter>
    </ClCompile>
    <ClCompile Include="source\OggFileServerDemux.cpp">
      <Filter>Source Files</Filter>
    </ClCompile>
    <ClCompile Include="source\OggFileServerMediaSubsession.cpp">
      <Filter>Source Files</Filter>
    </ClCompile>
    <ClCompile Include="source\OggFileSink.cpp">
      <Filter>Source Files</Filter>
    </ClCompile>
    <ClCompile Include="source\OnDemandServerMediaSubsession.cpp">
      <Filter>Source Files</Filter>
    </ClCompile>
    <ClCompile Include="source\ourMD5.cpp">
      <Filter>Source Files</Filter>
    </ClCompile>
    <ClCompile Include="source\OutputFile.cpp">
      <Filter>Source Files</Filter>
    </ClCompile>
    <ClCompile Include="source\PassiveServerMediaSubsession.cpp">
      <Filter>Source Files</Filter>
    </ClCompile>
    <ClCompile Include="source\ProxyServerMediaSession.cpp">
      <Filter>Source Files</Filter>
    </ClCompile>
    <ClCompile Include="source\QCELPAudioRTPSource.cpp">
      <Filter>Source Files</Filter>
    </ClCompile>
    <ClCompile Include="source\QuickTimeFileSink.cpp">
      <Filter>Source Files</Filter>
    </ClCompile>
    <ClCompile Include="source\QuickTimeGenericRTPSource.cpp">
      <Filter>Source Files</Filter>
    </ClCompile>
    <ClCompile Include="source\RTCP.cpp">
      <Filter>Source Files</Filter>
    </ClCompile>
    <ClCompile Include="source\rtcp_from_spec.c">
      <Filter>Source Files</Filter>
    </ClCompile>
    <ClCompile Include="source\RTPInterface.cpp">
      <Filter>Source Files</Filter>
    </ClCompile>
    <ClCompile Include="source\RTPSink.cpp">
      <Filter>Source Files</Filter>
    </ClCompile>
    <ClCompile Include="source\RTPSource.cpp">
      <Filter>Source Files</Filter>
    </ClCompile>
    <ClCompile Include="source\RTSPClient.cpp">
      <Filter>Source Files</Filter>
    </ClCompile>
    <ClCompile Include="source\RTSPCommon.cpp">
      <Filter>Source Files</Filter>
    </ClCompile>
    <ClCompile Include="source\RTSPRegisterSender.cpp">
      <Filter>Source Files</Filter>
    </ClCompile>
    <ClCompile Include="source\RTSPServer.cpp">
      <Filter>Source Files</Filter>
    </ClCompile>
    <ClCompile Include="source\RTSPServerRegister.cpp">
      <Filter>Source Files</Filter>
    </ClCompile>
    <ClCompile Include="source\RTSPServerSupportingHTTPStreaming.cpp">
      <Filter>Source Files</Filter>
    </ClCompile>
    <ClCompile Include="source\ServerMediaSession.cpp">
      <Filter>Source Files</Filter>
    </ClCompile>
    <ClCompile Include="source\SimpleRTPSink.cpp">
      <Filter>Source Files</Filter>
    </ClCompile>
    <ClCompile Include="source\SimpleRTPSource.cpp">
      <Filter>Source Files</Filter>
    </ClCompile>
    <ClCompile Include="source\SIPClient.cpp">
      <Filter>Source Files</Filter>
    </ClCompile>
    <ClCompile Include="source\StreamParser.cpp">
      <Filter>Source Files</Filter>
    </ClCompile>
    <ClCompile Include="source\StreamReplicator.cpp">
      <Filter>Source Files</Filter>
    </ClCompile>
    <ClCompile Include="source\T140TextRTPSink.cpp">
      <Filter>Source Files</Filter>
    </ClCompile>
    <ClCompile Include="source\TCPStreamSink.cpp">
      <Filter>Source Files</Filter>
    </ClCompile>
    <ClCompile Include="source\TextRTPSink.cpp">
      <Filter>Source Files</Filter>
    </ClCompile>
    <ClCompile Include="source\TheoraVideoRTPSink.cpp">
      <Filter>Source Files</Filter>
    </ClCompile>
    <ClCompile Include="source\TheoraVideoRTPSource.cpp">
      <Filter>Source Files</Filter>
    </ClCompile>
    <ClCompile Include="source\uLawAudioFilter.cpp">
      <Filter>Source Files</Filter>
    </ClCompile>
    <ClCompile Include="source\VideoRTPSink.cpp">
      <Filter>Source Files</Filter>
    </ClCompile>
    <ClCompile Include="source\VorbisAudioRTPSink.cpp">
      <Filter>Source Files</Filter>
    </ClCompile>
    <ClCompile Include="source\VorbisAudioRTPSource.cpp">
      <Filter>Source Files</Filter>
    </ClCompile>
    <ClCompile Include="source\VP8VideoRTPSink.cpp">
      <Filter>Source Files</Filter>
    </ClCompile>
    <ClCompile Include="source\VP8VideoRTPSource.cpp">
      <Filter>Source Files</Filter>
    </ClCompile>
    <ClCompile Include="source\VP9VideoRTPSink.cpp">
      <Filter>Source Files</Filter>
    </ClCompile>
    <ClCompile Include="source\VP9VideoRTPSource.cpp">
      <Filter>Source Files</Filter>
    </ClCompile>
    <ClCompile Include="source\WAVAudioFileServerMediaSubsession.cpp">
      <Filter>Source Files</Filter>
    </ClCompile>
    <ClCompile Include="source\WAVAudioFileSource.cpp">
      <Filter>Source Files</Filter>
    </ClCompile>
  </ItemGroup>
  <ItemGroup>
    <ClInclude Include="source\EBMLNumber.hh">
      <Filter>Header Files</Filter>
    </ClInclude>
    <ClInclude Include="source\H263plusVideoStreamParser.hh">
      <Filter>Header Files</Filter>
    </ClInclude>
    <ClInclude Include="source\MatroskaDemuxedTrack.hh">
      <Filter>Header Files</Filter>
    </ClInclude>
    <ClInclude Include="source\MatroskaFileParser.hh">
      <Filter>Header Files</Filter>
    </ClInclude>
    <ClInclude Include="source\MatroskaFileServerMediaSubsession.hh">
      <Filter>Header Files</Filter>
    </ClInclude>
    <ClInclude Include="source\MP3ADUdescriptor.hh">
      <Filter>Header Files</Filter>
    </ClInclude>
    <ClInclude Include="source\MP3AudioMatroskaFileServerMediaSubsession.hh">
      <Filter>Header Files</Filter>
    </ClInclude>
    <ClInclude Include="source\MP3Internals.hh">
      <Filter>Header Files</Filter>
    </ClInclude>
    <ClInclude Include="source\MP3InternalsHuffman.hh">
      <Filter>Header Files</Filter>
    </ClInclude>
    <ClInclude Include="source\MP3StreamState.hh">
      <Filter>Header Files</Filter>
    </ClInclude>
    <ClInclude Include="source\MPEGVideoStreamParser.hh">
      <Filter>Header Files</Filter>
    </ClInclude>
    <ClInclude Include="source\OggDemuxedTrack.hh">
      <Filter>Header Files</Filter>
    </ClInclude>
    <ClInclude Include="source\OggFileParser.hh">
      <Filter>Header Files</Filter>
    </ClInclude>
    <ClInclude Include="source\OggFileServerMediaSubsession.hh">
      <Filter>Header Files</Filter>
    </ClInclude>
    <ClInclude Include="source\rtcp_from_spec.h">
      <Filter>Header Files</Filter>
    </ClInclude>
    <ClInclude Include="source\StreamParser.hh">
      <Filter>Header Files</Filter>
    </ClInclude>
  </ItemGroup>
</Project>